# This file is generated by running "yarn install" inside your project.
# Manual changes might be lost - proceed with caution!

__metadata:
  version: 4
  cacheKey: 7

"@types/node@npm:*":
  version: 17.0.1
  resolution: "@types/node@npm:17.0.1"
  checksum: f7e077586f74bf132bec620467fc82bddf72354397a20675ed0f98de0a4b5a9b14fa22141cbebe30df45e6773ce0f60fef012bae09fe2169aef90b7f09ffea31
  languageName: node
  linkType: hard

"@types/webidl-conversions@npm:*":
  version: 6.1.1
  resolution: "@types/webidl-conversions@npm:6.1.1"
  checksum: f655a4c6497f8da129ecbcabceafc82db76bb20f4552b4dfb5d01a0a20246c5986a75ec6534ab83d06f445140faf592f0690986b6db121b363d7a1fbf7be24a4
  languageName: node
  linkType: hard

"@types/whatwg-url@npm:^8.2.1":
  version: 8.2.1
  resolution: "@types/whatwg-url@npm:8.2.1"
  dependencies:
    "@types/node": "*"
    "@types/webidl-conversions": "*"
  checksum: f9f082bd7baef796a5454254381f3ba832b89a23570e45285d38f3cf0042c4d3b0555096a03cc087397f91e629f8fecbc86ac0e9599e5c5a67e7657d0002787a
  languageName: node
  linkType: hard

"accepts@npm:~1.3.7":
  version: 1.3.7
  resolution: "accepts@npm:1.3.7"
  dependencies:
    mime-types: ~2.1.24
    negotiator: 0.6.2
  checksum: 2686fa30dbc850db1bf458dc8171fba13c54ed6cb25f4298ec7c2f88b8dfc50351f25c40abe3a948e4ec7a0cc8ea83d1c55c2f73ffa612d18840a8778d4a2ee0
  languageName: node
  linkType: hard

"anonurl-api@workspace:.":
  version: 0.0.0-use.local
  resolution: "anonurl-api@workspace:."
  dependencies:
    cors: ^2.8.5
    express: ^4.17.2
    mongoose: ^6.1.3
    random-url-string: ^1.0.3
  languageName: unknown
  linkType: soft

"array-flatten@npm:1.1.1":
  version: 1.1.1
  resolution: "array-flatten@npm:1.1.1"
  checksum: de7a056451ff7891bb1bcda6ce2a50448ca70f63cd0fa7aa90430d288b6dc2931517b6853ce16c473a7f40fa6eaa874e20b6151616db93375471d1ffadfb1d3d
  languageName: node
  linkType: hard

"base64-js@npm:^1.3.1":
  version: 1.5.1
  resolution: "base64-js@npm:1.5.1"
  checksum: c1b41a26ddc6620eb7f1ee6c29c812f5942a4e328e74263f995872cfb8ca3aee08542beb25cd10fd7ef16e4f16603e25c35a26e776c01fd55277e5035e829e0e
  languageName: node
  linkType: hard

"body-parser@npm:1.19.1":
  version: 1.19.1
  resolution: "body-parser@npm:1.19.1"
  dependencies:
    bytes: 3.1.1
    content-type: ~1.0.4
    debug: 2.6.9
    depd: ~1.1.2
    http-errors: 1.8.1
    iconv-lite: 0.4.24
    on-finished: ~2.3.0
    qs: 6.9.6
    raw-body: 2.4.2
    type-is: ~1.6.18
  checksum: eff73467b690bd5a578065a0402db43a35986daf32482f30cd7c75b81f7a0c612a25f7418991ecf971f236a8a2a81e8d7e837ae939de08343a595d50a5d95be4
  languageName: node
  linkType: hard

"bson@npm:^4.2.2, bson@npm:^4.6.0":
  version: 4.6.0
  resolution: "bson@npm:4.6.0"
  dependencies:
    buffer: ^5.6.0
  checksum: 6e894b33f552f7b5ed42d6a19620cb05b7340839375971ce7c9bb2bf9db1609039e01a8ba1bc942083c64f0114c3afb844910b8fecd1bd36973de4f2aa1e9fbd
  languageName: node
  linkType: hard

"buffer@npm:^5.6.0":
  version: 5.7.1
  resolution: "buffer@npm:5.7.1"
  dependencies:
    base64-js: ^1.3.1
    ieee754: ^1.1.13
  checksum: 1750ac396eb36e0157ff5299509723ac0681338ef6cd40b039bc86d59c8b9a9494e99db992836eb6d637de0b270b53ec1a62d4a1c9faeaa51468cc340e553984
  languageName: node
  linkType: hard

"bytes@npm:3.1.1":
  version: 3.1.1
  resolution: "bytes@npm:3.1.1"
  checksum: be4fd8ce433b9fe4d84644a5f5cfdf464b9c24716680b2f861b42145fbd836a334277607701f1652e23f090d2cbfaabb91665c876f96feb75471791b1f297f98
  languageName: node
  linkType: hard

"content-disposition@npm:0.5.4":
  version: 0.5.4
  resolution: "content-disposition@npm:0.5.4"
  dependencies:
    safe-buffer: 5.2.1
  checksum: 44169dbbfd5f1d48cc0cf27b1196b0da485c7d2d4b22c3c20a75babbbdd2bc6028b7afa66a9f2e2a4b14cab8506823cca227cc63e7297e17b9e9b1c00593f6db
  languageName: node
  linkType: hard

"content-type@npm:~1.0.4":
  version: 1.0.4
  resolution: "content-type@npm:1.0.4"
  checksum: ff6e19cbf281c23d5608723a6dc60ac97e2280bd4d21602511283112321e6c1555895e395555e367672b54a0f1585276284b7c3c8be313aca73902ac2f2609fd
  languageName: node
  linkType: hard

"cookie-signature@npm:1.0.6":
  version: 1.0.6
  resolution: "cookie-signature@npm:1.0.6"
  checksum: 305054e102eebd0a483c63aefdc3abf54a9471bed5eb12be56c0dcf35a94110b8a13139b27751ab07a5ef09e9f4190ee67f71e9d3acf1748e6e2f1aed338c987
  languageName: node
  linkType: hard

"cookie@npm:0.4.1":
  version: 0.4.1
  resolution: "cookie@npm:0.4.1"
  checksum: b8e0928e3e7aba013087974b33a6eec730b0a68b7ec00fc3c089a56ba2883bcf671252fc2ed64775aa1ca64796b6e1f6fdddba25a66808aef77614d235fd3e06
  languageName: node
  linkType: hard

"cors@npm:^2.8.5":
  version: 2.8.5
  resolution: "cors@npm:2.8.5"
  dependencies:
    object-assign: ^4
    vary: ^1
  checksum: c83e88c15428b87ff55853ec5ce961b650c7aa3de536aadebbeb2334872d86a8be57165a77996f3b746366c950c2d51624a9b76b88fb7f18d178eca051ca1ae2
  languageName: node
  linkType: hard

"debug@npm:2.6.9":
  version: 2.6.9
  resolution: "debug@npm:2.6.9"
  dependencies:
    ms: 2.0.0
  checksum: 559f44f98cf25e2ee489022aec173afbff746564cb108c4493becb95bc3c017a67bdaa25a0ff64801fd32c35051d00af0e56cc7f762ae2c3bc089496e5a1c31b
  languageName: node
  linkType: hard

"debug@npm:4.x":
  version: 4.3.3
  resolution: "debug@npm:4.3.3"
  dependencies:
    ms: 2.1.2
  peerDependenciesMeta:
    supports-color:
      optional: true
  checksum: 1bceffaa69207300c49f868643a4f637a20dd292fe005fb0d5a625957ee1fe7a4e65c5f4c6f65ce2b1ef30087cf4e327207d4e0554362e4c44574f85328e3b71
  languageName: node
  linkType: hard

"denque@npm:^2.0.1":
  version: 2.0.1
  resolution: "denque@npm:2.0.1"
  checksum: 88575761e6041cd14e77ce08b360c07dc92046bd387b255757e0e1fe04a2f5f01a226c51f47e9f696fea47dace7c8f09c3196fd67ee922b3e1043546b1036bfd
  languageName: node
  linkType: hard

"depd@npm:~1.1.2":
  version: 1.1.2
  resolution: "depd@npm:1.1.2"
  checksum: f45566ff7019a346852f095768a380778ed544de24e103b479fd5d3e61982d670efbb5234c09d0588d7fdb09c26c48283d7150e4be5e6ce5d3d37cd268d75c4d
  languageName: node
  linkType: hard

"destroy@npm:~1.0.4":
  version: 1.0.4
  resolution: "destroy@npm:1.0.4"
  checksum: 5a516fc5a8a8089eecdac11da2339353542be7a71102dc5a1372ef6161501bf5c1ee59ff9f8a3f5f14cc8c88594d606f855f816d46a228ee5e0e5cb2b543534b
  languageName: node
  linkType: hard

"ee-first@npm:1.1.1":
  version: 1.1.1
  resolution: "ee-first@npm:1.1.1"
  checksum: ba74f91398e3ee3b6d665b2f0d13ad6530e89a7e64ec886a6eec0602fb8a5a274652960e21bd5d4b42fdeb9017d873ff872f50342d38779e955285977edb337c
  languageName: node
  linkType: hard

"encodeurl@npm:~1.0.2":
  version: 1.0.2
  resolution: "encodeurl@npm:1.0.2"
  checksum: 6ee5fcbcd245d2a2b6bd6fe36b80f91e31ab46e29192c50af00e8f860c0c2310ebbdaae40257878fdce90b42abcb3526895c7c3a2e229461ed1f0d0b5a020fc8
  languageName: node
  linkType: hard

"escape-html@npm:~1.0.3":
  version: 1.0.3
  resolution: "escape-html@npm:1.0.3"
  checksum: 900a7f2b80b9f89c85b7a303d1b7a4d354b93e328871414f165f13c5c209a80eab787e3a63429e596877def69fe4dcb3d1b55af655207a901a9ec99f7f148743
  languageName: node
  linkType: hard

"etag@npm:~1.8.1":
  version: 1.8.1
  resolution: "etag@npm:1.8.1"
  checksum: f18341a3c12a554ec46c0d4756bc9cae177e92f25a4ebd9ceefebf0ee448b675972fc110879f22b1bf514174713921ae5de9ff77af2062d422b1085588465a57
  languageName: node
  linkType: hard

"express@npm:^4.17.2":
  version: 4.17.2
  resolution: "express@npm:4.17.2"
  dependencies:
    accepts: ~1.3.7
    array-flatten: 1.1.1
    body-parser: 1.19.1
    content-disposition: 0.5.4
    content-type: ~1.0.4
    cookie: 0.4.1
    cookie-signature: 1.0.6
    debug: 2.6.9
    depd: ~1.1.2
    encodeurl: ~1.0.2
    escape-html: ~1.0.3
    etag: ~1.8.1
    finalhandler: ~1.1.2
    fresh: 0.5.2
    merge-descriptors: 1.0.1
    methods: ~1.1.2
    on-finished: ~2.3.0
    parseurl: ~1.3.3
    path-to-regexp: 0.1.7
    proxy-addr: ~2.0.7
    qs: 6.9.6
    range-parser: ~1.2.1
    safe-buffer: 5.2.1
    send: 0.17.2
    serve-static: 1.14.2
    setprototypeof: 1.2.0
    statuses: ~1.5.0
    type-is: ~1.6.18
    utils-merge: 1.0.1
    vary: ~1.1.2
  checksum: dc1fdb3f852bca4f0b1274b96d54dfe6fcffb6cba45015f6d324edfb7862cf7c381b363a1acf53dd3a2686f797f44fe1e2b2a806bb5c8898e50a20481c010619
  languageName: node
  linkType: hard

"finalhandler@npm:~1.1.2":
  version: 1.1.2
  resolution: "finalhandler@npm:1.1.2"
  dependencies:
    debug: 2.6.9
    encodeurl: ~1.0.2
    escape-html: ~1.0.3
    on-finished: ~2.3.0
    parseurl: ~1.3.3
    statuses: ~1.5.0
    unpipe: ~1.0.0
  checksum: f2e5b6bfe2201f13e74408530a7f354b7846ab3e648b3dde4f8ed3b773c8a743c16b0f378cb5113df7fef84c5be364bb1a3655f0a75571f163c982289fbd9671
  languageName: node
  linkType: hard

"forwarded@npm:0.2.0":
  version: 0.2.0
  resolution: "forwarded@npm:0.2.0"
  checksum: 1e84548d8ffb072d7edd4c5375ce71e2631c28efcd1084c4578f1a71dd6c4b0d58a6ddcdc923514766030cf38068258971a919e91ffa472460ec0f6dac7209ea
  languageName: node
  linkType: hard

"fresh@npm:0.5.2":
  version: 0.5.2
  resolution: "fresh@npm:0.5.2"
  checksum: 2f76c8505d1ea5a6d5accea3e7aff0b796bfa43364c84929254f33909fa08640948bd1728220d1ff5f4c2b378a65e97da647f2fe0f2b7ddb44001f6e0dc2e91f
  languageName: node
  linkType: hard

"http-errors@npm:1.8.1":
  version: 1.8.1
  resolution: "http-errors@npm:1.8.1"
  dependencies:
    depd: ~1.1.2
    inherits: 2.0.4
    setprototypeof: 1.2.0
    statuses: ">= 1.5.0 < 2"
    toidentifier: 1.0.1
  checksum: f8bd2e837a4da9b25c21545de08bf9db2e8014a1bd025707a0d77b8562259e28a4f2b1ec750968e8676b3118668f6da41e5407e7f29055b14cd68fc54cfa6d09
  languageName: node
  linkType: hard

"iconv-lite@npm:0.4.24":
  version: 0.4.24
  resolution: "iconv-lite@npm:0.4.24"
  dependencies:
    safer-buffer: ">= 2.1.2 < 3"
  checksum: a9b9521066ee81853a8561e92bd7240bc5d3b7d5ef7da807a475e7858b0246e318b6af518c30a20a8749ef5eafeaa9631079446e4e696c7b60f468b34dc2cbfc
  languageName: node
  linkType: hard

"ieee754@npm:^1.1.13":
  version: 1.2.1
  resolution: "ieee754@npm:1.2.1"
  checksum: 6c1cfab995ecab3b0dbb6cfb7e192686eb02f0f8e788f2d962e1fc02e2d5ab38a85e06d417221f136bd029663a77cdb920d99605d68d3730a05597dd7910426a
  languageName: node
  linkType: hard

"inherits@npm:2.0.4":
  version: 2.0.4
  resolution: "inherits@npm:2.0.4"
  checksum: 98426da247ddfc3dcd7d7daedd90c3ca32d5b08deca08949726f12d49232aef94772a07b36cf4ff833e105ae2ef931777f6de4a6dd8245a216b9299ad4a50bea
  languageName: node
  linkType: hard

"ipaddr.js@npm:1.9.1":
  version: 1.9.1
  resolution: "ipaddr.js@npm:1.9.1"
  checksum: de15bc7e63973d960abc43c9fbbf19589c726774f59d157d1b29382a1e86ae87c68cbd8b5c78a1712a87fc4fcd91e10762c7671950c66a1a19040ff4fd2f9c9b
  languageName: node
  linkType: hard

"kareem@npm:2.3.2":
  version: 2.3.2
  resolution: "kareem@npm:2.3.2"
  checksum: de7225607b86280e5c39c00d564e1cb4daee9f0a75076fa0c096af75069681ca9a97ea39d8d48ce58ff8dd4d3a738942b1b43101aa95982c4599284ec36e02b4
  languageName: node
  linkType: hard

"media-typer@npm:0.3.0":
  version: 0.3.0
  resolution: "media-typer@npm:0.3.0"
  checksum: be1c825782df7f38eebd451d778f6407bb15a59c8807a69e7f2ad74a25440e474536441c6bf583fdf2803ea23b866e91ff68f565cda297211dd89147758c8df3
  languageName: node
  linkType: hard

"memory-pager@npm:^1.0.2":
  version: 1.5.0
  resolution: "memory-pager@npm:1.5.0"
  checksum: 6812af8165a31e729df25af125ba91b7ea7f3cacaf73a1c139b755be640cab9dfa4bb05b9acfc5d5f1f540b334203f26dac0662576033dd351e0a798abc4d72a
  languageName: node
  linkType: hard

"merge-descriptors@npm:1.0.1":
  version: 1.0.1
  resolution: "merge-descriptors@npm:1.0.1"
  checksum: 2d2a09eaac840a7ceac7a13b44b7c8abf3ecccd93a609c3525d8290cb5d814336cc7c0b1dd485ae3bc471ed354eeefb153475ce2e1604ccdf79eebe74021c192
  languageName: node
  linkType: hard

"methods@npm:~1.1.2":
  version: 1.1.2
  resolution: "methods@npm:1.1.2"
  checksum: 450e4ea0fd4a0f3de8c0593d753c7d6c8f2ee49766f5ef35c68cc2ac41699d5e295b7d6330fc2b7271b8569a07857e3eb0b5df0599a353c5808265b4b5066168
  languageName: node
  linkType: hard

"mime-db@npm:1.51.0":
  version: 1.51.0
  resolution: "mime-db@npm:1.51.0"
  checksum: 74a51b9e80f4252608a13d7d209269bd23b6edde46db9f7592608793b691311a113e868b00828fdc218e838ed56ecb1fcda0282ebe889a272dc885c6ab087af9
  languageName: node
  linkType: hard

"mime-types@npm:~2.1.24":
  version: 2.1.34
  resolution: "mime-types@npm:2.1.34"
  dependencies:
    mime-db: 1.51.0
  checksum: 54390df0c7a300e33f7aa465f4aca149eca379ff36d5708323e0bc1de465b35c9a67201b354c17dab30ff276edc54ed753c45767d0c1df37537620e3a90035de
  languageName: node
  linkType: hard

"mime@npm:1.6.0":
  version: 1.6.0
  resolution: "mime@npm:1.6.0"
  bin:
    mime: cli.js
  checksum: d540c24dd3e3a9e25e813714e55ff2f7841a3a1a47aed9786c508bd0251653d5e9abbfb1163c0c6e1be99f872d7fa1538c068bd6e306e9cb12dd9affa841a61e
  languageName: node
  linkType: hard

"mongodb-connection-string-url@npm:^2.3.2":
  version: 2.3.2
  resolution: "mongodb-connection-string-url@npm:2.3.2"
  dependencies:
    "@types/whatwg-url": ^8.2.1
    whatwg-url: ^11.0.0
  checksum: ee4b7829c5c9d0d7b763ab5873b8984be06ac7756a99d734eeac354cbc168120111b87759058b587a9972ece56bfb15acbef1e292ff9b81d708b801feda66946
  languageName: node
  linkType: hard

"mongodb@npm:4.2.2":
  version: 4.2.2
  resolution: "mongodb@npm:4.2.2"
  dependencies:
    bson: ^4.6.0
    denque: ^2.0.1
    mongodb-connection-string-url: ^2.3.2
    saslprep: ^1.0.3
  dependenciesMeta:
    saslprep:
      optional: true
  checksum: e8838fd5fc8ebfbff3a434b3fe3590b48c1bd7e8e16da3d0689d3a864f16ac6db49d56f6c1d2508f71c68d64eda9ca683a6f09861f9c82a190c39cd47d00dfaa
  languageName: node
  linkType: hard

"mongoose@npm:^6.1.3":
  version: 6.1.3
  resolution: "mongoose@npm:6.1.3"
  dependencies:
    bson: ^4.2.2
    kareem: 2.3.2
    mongodb: 4.2.2
    mpath: 0.8.4
    mquery: 4.0.0
    ms: 2.1.2
    regexp-clone: 1.0.0
    sift: 13.5.2
    sliced: 1.0.1
  checksum: 856442b5db4ef060fdecc43fa36a7dc369cc21a64ebabc5496988115dd6255e1df07f9818b40bf26963e4b7dcb059a7605130d75b2baab674fb65c36a55e687e
  languageName: node
  linkType: hard

"mpath@npm:0.8.4":
  version: 0.8.4
  resolution: "mpath@npm:0.8.4"
  checksum: a5000e96b697ace73f56e5a47e6990e4038f0f97fa36d0f1bd94ca58ff8951ede1cf704d54653499678d71d9b6b7b1bdf534443e0daeebb0c2d5644977413899
  languageName: node
  linkType: hard

"mquery@npm:4.0.0":
  version: 4.0.0
  resolution: "mquery@npm:4.0.0"
  dependencies:
    debug: 4.x
    regexp-clone: ^1.0.0
    sliced: 1.0.1
  checksum: 0957f72c062564478d50dd07711a7dc590ba22bde49ad9183e67b95653f83f0383b7905255926f2a0c74880d3be544a2fffbfb452ef3b949a2c7c02bc4ec946b
  languageName: node
  linkType: hard

"ms@npm:2.0.0":
  version: 2.0.0
  resolution: "ms@npm:2.0.0"
  checksum: 1a230340cc7f322fbe916783d8c8d60455407c6b7fb7f901d6ee34eb272402302c5c7f070a97b8531245cbb4ca6a0a623f6a128d7e5a5440cefa2c669c0b35bb
  languageName: node
  linkType: hard

"ms@npm:2.1.2":
  version: 2.1.2
  resolution: "ms@npm:2.1.2"
  checksum: 9b65fb709bc30c0c07289dcbdb61ca032acbb9ea5698b55fa62e2cebb04c5953f1876a1f3f7f4bc2e91d4bf4d86003f3e207c3bc6ee2f716f99827e62389cd0e
  languageName: node
  linkType: hard

"ms@npm:2.1.3":
  version: 2.1.3
  resolution: "ms@npm:2.1.3"
  checksum: 6e721e648a544154d5de4c114b32f573d8027ca8ec505cf6c1105e505986d6ac46934a1256735aa0eece8eb2f5b2a1230503b2dddd3b100f9f016fd8a4f15f33
  languageName: node
  linkType: hard

"negotiator@npm:0.6.2":
  version: 0.6.2
  resolution: "negotiator@npm:0.6.2"
  checksum: 4b230bd15f0862d16c54ce0243fcfcf835ad59c8e58c467b4504dd28c9868cff71ff485b02cc575dc69dca819b58a1fadc9fb28403f45721f38a8fffde007d54
  languageName: node
  linkType: hard

"object-assign@npm:^4":
  version: 4.1.1
  resolution: "object-assign@npm:4.1.1"
  checksum: 66cf021898fc1b13ea573ea8635fbd5a76533f50cecbc2fcd5eee1e8029af41bcebe7023788b6d0e06cbe4401ecea075d972f78ec74467cdc571a0f1a4d1a081
  languageName: node
  linkType: hard

"on-finished@npm:~2.3.0":
  version: 2.3.0
  resolution: "on-finished@npm:2.3.0"
  dependencies:
    ee-first: 1.1.1
  checksum: 362e64608287d31ffd96a15fb9305a410b3e4d07c86f277fae907e38af46bc6f5ff948de90eabb81dc5632ca7f9a290085acc5410c378053dfa9860451d97ee5
  languageName: node
  linkType: hard

"parseurl@npm:~1.3.3":
  version: 1.3.3
  resolution: "parseurl@npm:1.3.3"
  checksum: 52c9e86cb58e38b28f1a50a6354d16648974ab7a2b91b209f97102840471de8adf524427774af6d5bc482fb7c0a6af6ba08ab37de9a1a7ae389ebe074015914b
  languageName: node
  linkType: hard

"path-to-regexp@npm:0.1.7":
  version: 0.1.7
  resolution: "path-to-regexp@npm:0.1.7"
  checksum: 342fdb0ca48415d6eccdbe6d4180fd0fa4786ccc96ab3f74fcdf7acfc99e075af25e6077c8086c341dcfb4f5f84401ecd21e6cd7b24e0c3b556fb7ffb2570da7
  languageName: node
  linkType: hard

"proxy-addr@npm:~2.0.7":
  version: 2.0.7
  resolution: "proxy-addr@npm:2.0.7"
  dependencies:
    forwarded: 0.2.0
    ipaddr.js: 1.9.1
  checksum: ad78682246dc20ed6ca4080539349828bc2708cf0b69c55d6a3c41532780a8d05f563dcbac6ec4b74dce367421bff6fc4bc6b700b14319ecf57c93bd62727fc6
  languageName: node
  linkType: hard

"punycode@npm:^2.1.1":
  version: 2.1.1
  resolution: "punycode@npm:2.1.1"
  checksum: 0202dc191cb35bfd88870ac99a1e824b03486d4cee20b543ef337a6dee8d8b11017da32a3e4c40b69b19976e982c030b62bd72bba42884acb691bc5ef91354c8
  languageName: node
  linkType: hard

"qs@npm:6.9.6":
  version: 6.9.6
  resolution: "qs@npm:6.9.6"
  checksum: 853715ab6d685aad829c984997f4c7dc90665a8b652478d2e3c06be6968846e5d04adaf1eb2f4977ef544a194a376f0fa65734ee27a4d535e1ed8cb205bf5cce
  languageName: node
  linkType: hard

"random-url-string@npm:^1.0.3":
  version: 1.0.3
  resolution: "random-url-string@npm:1.0.3"
  checksum: 39e29d6161a32a2025f22bbef5434d53ac78207c0ddade2d3bd13967bfac1703ce9f213d127f6df6618572906cf21a23f33ac222983e06b63b879a8907538ab0
  languageName: node
  linkType: hard

"range-parser@npm:~1.2.1":
  version: 1.2.1
  resolution: "range-parser@npm:1.2.1"
  checksum: 05074f5b23dbdc24acdae9821dd684fbc9c0d770cdaa4469ab529d8e0fc1338aa33561a4c7c14a1f9bdcb3b5e9a3770e5a80318258a72289a7ef05fcda72a707
  languageName: node
  linkType: hard

"raw-body@npm:2.4.2":
  version: 2.4.2
  resolution: "raw-body@npm:2.4.2"
  dependencies:
    bytes: 3.1.1
    http-errors: 1.8.1
    iconv-lite: 0.4.24
    unpipe: 1.0.0
  checksum: db3fcf1d6b03808d75253571ea33f0a2c5965f85d889766f26cdd21f0228c5cee07339271fb1f3599dd9fbd153f1411c94062a1dc27b168e7e5dd5c42bd52c30
  languageName: node
  linkType: hard

"regexp-clone@npm:1.0.0, regexp-clone@npm:^1.0.0":
  version: 1.0.0
  resolution: "regexp-clone@npm:1.0.0"
  checksum: 0cb16b8806a0a4e3e0f8887c1465d03ff25371fde03d03ab3b2fe7bc521faaabaac36feabcdcdf63bcbce05a7d0eca113eb5b4d3b9a9efc77dc1c0fa87a2811d
  languageName: node
  linkType: hard

"safe-buffer@npm:5.2.1":
  version: 5.2.1
  resolution: "safe-buffer@npm:5.2.1"
  checksum: 0bb57f0d8f9d1fa4fe35ad8a2db1f83a027d48f2822d59ede88fd5cd4ddad83c0b497213feb7a70fbf90597a70c5217f735b0eb1850df40ce9b4ae81dd22b3f9
  languageName: node
  linkType: hard

"safer-buffer@npm:>= 2.1.2 < 3":
  version: 2.1.2
  resolution: "safer-buffer@npm:2.1.2"
  checksum: 549ba83f5b314b59898efe3422120ce1ca7987a6eae5925a5fa5db930dc414d4a9dde0a5594f89638cd6ea60b6840ea961872908933ac2428d1726489db46fa5
  languageName: node
  linkType: hard

"saslprep@npm:^1.0.3":
  version: 1.0.3
  resolution: "saslprep@npm:1.0.3"
  dependencies:
    sparse-bitfield: ^3.0.3
  checksum: d007f50fe6578814d7b6c06f528cf7b08f1e12292b1c7d671a29a7a709cec29527d85352d1de3e020b3ee30017a9abd58252ff27b5042b889acd4a67b089c38c
  languageName: node
  linkType: hard

"send@npm:0.17.2":
  version: 0.17.2
  resolution: "send@npm:0.17.2"
  dependencies:
    debug: 2.6.9
    depd: ~1.1.2
    destroy: ~1.0.4
    encodeurl: ~1.0.2
    escape-html: ~1.0.3
    etag: ~1.8.1
    fresh: 0.5.2
    http-errors: 1.8.1
    mime: 1.6.0
    ms: 2.1.3
    on-finished: ~2.3.0
    range-parser: ~1.2.1
    statuses: ~1.5.0
  checksum: b47bfc0b79cff5930616222cb0794967ec5dd71ea97a6c43870de15155e3e7d4f4147790bcdd0d98444da94bafbccf701b14cdba8f22daf4484526cf028d9451
  languageName: node
  linkType: hard

"serve-static@npm:1.14.2":
  version: 1.14.2
  resolution: "serve-static@npm:1.14.2"
  dependencies:
    encodeurl: ~1.0.2
    escape-html: ~1.0.3
    parseurl: ~1.3.3
    send: 0.17.2
  checksum: 5a38fdf841ceb30ad63ef26dace35805c0813fe9864a76f66cf5469018638c64aa182558d26f6210f4ba27d6c99d3307bf9427e6b842d81e0705bc57efb39a0b
  languageName: node
  linkType: hard

"setprototypeof@npm:1.2.0":
  version: 1.2.0
  resolution: "setprototypeof@npm:1.2.0"
  checksum: 72691439857719aa33ec11ebc97960347f0f96e75c2fe65d0f2ca5c9c44fb1aa026e2ae528959624ed3ae3820fe06bfb1aded306402c5c941afd3dfdf47f79d0
  languageName: node
  linkType: hard

"sift@npm:13.5.2":
  version: 13.5.2
  resolution: "sift@npm:13.5.2"
  checksum: 5c005114f85f6bacea5b21265c87b7a366f15eed992b24f6d4468056d241d072309e118795900f5e883c9952692d47ac35f92fcce9cc68c34c9eba9828dd4e1d
  languageName: node
  linkType: hard

"sliced@npm:1.0.1":
  version: 1.0.1
  resolution: "sliced@npm:1.0.1"
  checksum: af6bd9d9116298828d84a0c4ad417f941c61b72ed16cc289b97ad3669c2c41d13763b79385f3ac44c40a1e82f8c0774d18587b3b7125034fa6f80d10363a234c
  languageName: node
  linkType: hard

"sparse-bitfield@npm:^3.0.3":
  version: 3.0.3
  resolution: "sparse-bitfield@npm:3.0.3"
  dependencies:
    memory-pager: ^1.0.2
  checksum: 3d7ea483df832df45c1a9b4905b2e2ffb9107b6b43db664ffaf03371000f9ec0db664c8d94600443e344c91be36c52a299ba627f2d15c7f2bcd2c2b7ded6f3b0
  languageName: node
  linkType: hard

"statuses@npm:>= 1.5.0 < 2, statuses@npm:~1.5.0":
  version: 1.5.0
  resolution: "statuses@npm:1.5.0"
  checksum: 57735269bf231176a60deb80f6d60214cb4a87663b0937e79497afe9aebe2597f8377fd28893f4d1776205f18dd0b927774a26b72051411ac5108e9e2dfc77d2
  languageName: node
  linkType: hard

"toidentifier@npm:1.0.1":
  version: 1.0.1
  resolution: "toidentifier@npm:1.0.1"
  checksum: 2b5c573af97e7c12f91aeade737a40a539da3c123f43099bbddcd40c3365941b9877b482b994a89a3173c4e3f4f70fea887ae44242ade009efb4841f1dad9822
  languageName: node
  linkType: hard

"tr46@npm:^3.0.0":
  version: 3.0.0
  resolution: "tr46@npm:3.0.0"
  dependencies:
    punycode: ^2.1.1
  checksum: 3753671dac2d5f4ef009d93f6fca1ef9ef5d511455a501a42ca3027dc709726af17e2381365bbca07c1f0a91da53c698a8e4f711a7776f6bb932cdac6afca430
  languageName: node
  linkType: hard

"type-is@npm:~1.6.18":
  version: 1.6.18
  resolution: "type-is@npm:1.6.18"
  dependencies:
    media-typer: 0.3.0
    mime-types: ~2.1.24
  checksum: 20a3514f1d835c979237995129d1f8c564325301e3a8f1c732bcbe1d7fa0ca1f65994e41a79e9030d79f31e5459bb9be5c377848fcb477cb3049a661b3713d74
  languageName: node
  linkType: hard

"unpipe@npm:1.0.0, unpipe@npm:~1.0.0":
  version: 1.0.0
  resolution: "unpipe@npm:1.0.0"
  checksum: ba244e8bf640475b2143af95be5d71353cd4d238d63abf5dfe700c67841f066eb0819fc60dee7f2348ef647a5644a06ba024b9a0ab6d399fc07a05eb72a30ac7
  languageName: node
  linkType: hard

"utils-merge@npm:1.0.1":
  version: 1.0.1
  resolution: "utils-merge@npm:1.0.1"
  checksum: a457956ebc09efbda05da8bf213ab89140bb9dffa3c42b3315dd8fc3c45d67a1b802741f58b7bba4872113201fc275fc86470289d8bd32b74297b5e5b5980705
  languageName: node
  linkType: hard

"vary@npm:^1, vary@npm:~1.1.2":
  version: 1.1.2
  resolution: "vary@npm:1.1.2"
  checksum: 591f059f727ac1ba0d97cb7767f8583a03fcbb07db7be2b7dce838ede520ec0e958a41cb19077054769077fdc49a9b9a2dc391c83426bfee89c054b8cc7404bf
  languageName: node
  linkType: hard

"webidl-conversions@npm:^7.0.0":
  version: 7.0.0
  resolution: "webidl-conversions@npm:7.0.0"
  checksum: b83c81c2d7c92206eefd72759813f1f032723a79dfd8f1329f7424d54a8d23aa9b3a2b52af322a782930684fb77303ceaa85644ec15af55e16398d7fed174e61
  languageName: node
  linkType: hard

"whatwg-url@npm:^11.0.0":
  version: 11.0.0
  resolution: "whatwg-url@npm:11.0.0"
  dependencies:
    tr46: ^3.0.0
    webidl-conversions: ^7.0.0
  checksum: 4ba3c09d07d70dd892b104628a7d032b8efed0456e68c88e440c32f803dc4fa11d923ea092219e61f60676298614e35ea5c1349d3eafcbb9002c614035ae6f23
  languageName: node
  linkType: hard
